
Microsoft Visual Studio Solution File, Format Version 12.00
# Visual Studio Version 17
VisualStudioVersion = 17.4.33110.190
MinimumVisualStudioVersion = 10.0.40219.1
Project("{FAE04EC0-301F-11D3-BF4B-00C04F79EFBC}") = "HumanResources.Web", "HumanResources.Web\HumanResources.Web.csproj", "{70AC3DF3-AD3D-410D-8D89-8A9F5401B38F}"
EndProject
Global
	GlobalSection(SolutionConfigurationPlatforms) = preSolution
		Debug|Any CPU = Debug|Any CPU
		Release|Any CPU = Release|Any CPU
	EndGlobalSection
	GlobalSection(ProjectConfigurationPlatforms) = postSolution
		{70AC3DF3-AD3D-410D-8D89-8A9F5401B38F}.Debug|Any CPU.ActiveCfg = Debug|Any CPU
		{70AC3DF3-AD3D-410D-8D89-8A9F5401B38F}.Debug|Any CPU.Build.0 = Debug|Any CPU
		{70AC3DF3-AD3D-410D-8D89-8A9F5401B38F}.Release|Any CPU.ActiveCfg = Release|Any CPU
		{70AC3DF3-AD3D-410D-8D89-8A9F5401B38F}.Release|Any CPU.Build.0 = Release|Any CPU
	EndGlobalSection
	GlobalSection(SolutionProperties) = preSolution
		HideSolutionNode = FALSE
	EndGlobalSection
	GlobalSection(ExtensibilityGlobals) = postSolution
		SolutionGuid = {8296C42C-3A7A-4111-B258-FC4622BF35D7}
	EndGlobalSection
EndGlobal
